<?xml version="1.0" encoding="utf-8"?>
<Project ToolsVersion="4.0" xmlns="http://schemas.microsoft.com/developer/msbuild/2003">
  <ItemGroup>
    <Filter Include="External">
      <UniqueIdentifier>{0fc3b372-7f9c-45ee-8c4a-a869f130455e}</UniqueIdentifier>
    </Filter>
    <Filter Include="External\Imgui">
      <UniqueIdentifier>{7f1a6ece-276e-4d53-9c53-94745b1f6d72}</UniqueIdentifier>
    </Filter>
    <Filter Include="External\Imgui\include">
      <UniqueIdentifier>{c6ab9e6e-1b9a-4bb9-a8d6-a2528580a56d}</UniqueIdentifier>
    </Filter>
    <Filter Include="External\Imgui\src">
      <UniqueIdentifier>{c8f2e510-d21a-4f59-8700-34564c122d99}</UniqueIdentifier>
    </Filter>
    <Filter Include="External\Imgui\backends">
      <UniqueIdentifier>{89b594f4-3676-406b-b6f9-a7eff8a221aa}</UniqueIdentifier>
    </Filter>
    <Filter Include="External\pluto">
      <UniqueIdentifier>{0c065307-e3b3-428e-adf9-a084b1e0d669}</UniqueIdentifier>
    </Filter>
    <Filter Include="External\pluto\plutovg">
      <UniqueIdentifier>{66d776ba-84c9-43e9-9ae6-ca8c31e5af86}</UniqueIdentifier>
    </Filter>
    <Filter Include="External\pluto\plutovg\inc">
      <UniqueIdentifier>{1bb135c4-3f0a-4115-8914-b053a397ce52}</UniqueIdentifier>
    </Filter>
    <Filter Include="External\pluto\plutovg\src">
      <UniqueIdentifier>{369a5f29-3d7c-4bdd-aa3f-da12a32f0512}</UniqueIdentifier>
    </Filter>
    <Filter Include="External\pluto\plutosvg">
      <UniqueIdentifier>{c363ecc0-bb32-4d0e-807f-652d67ec1bbf}</UniqueIdentifier>
    </Filter>
    <Filter Include="External\implot">
      <UniqueIdentifier>{2d5f10cb-f7b6-49ed-8d53-9daaf0314ce8}</UniqueIdentifier>
    </Filter>
    <Filter Include="External\stb">
      <UniqueIdentifier>{5eb7ddd5-a7ab-4073-b322-6e3f225dee8c}</UniqueIdentifier>
    </Filter>
    <Filter Include="local">
      <UniqueIdentifier>{c7ad0fe9-f7e0-4f94-9b05-7227d32995b8}</UniqueIdentifier>
    </Filter>
    <Filter Include="local\Header Files">
      <UniqueIdentifier>{93995380-89BD-4b04-88EB-625FBE52EBFB}</UniqueIdentifier>
      <Extensions>h;hh;hpp;hxx;h++;hm;inl;inc;ipp;xsd</Extensions>
    </Filter>
    <Filter Include="local\Source Files">
      <UniqueIdentifier>{4FC737F1-C7A5-4376-A066-2A32D752A2FF}</UniqueIdentifier>
      <Extensions>cpp;c;cc;cxx;c++;cppm;ixx;def;odl;idl;hpj;bat;asm;asmx</Extensions>
    </Filter>
    <Filter Include="local\pch">
      <UniqueIdentifier>{738e04b5-821c-4eb7-a5c8-89b4e91ce0ac}</UniqueIdentifier>
    </Filter>
    <Filter Include="local\main">
      <UniqueIdentifier>{b2479ea4-68dd-4ddf-87ca-f39da68ef043}</UniqueIdentifier>
    </Filter>
  </ItemGroup>
  <ItemGroup>
    <ClCompile Include="external\imgui\imgui.cpp">
      <Filter>External\Imgui\src</Filter>
    </ClCompile>
    <ClCompile Include="external\imgui\imgui_tables.cpp">
      <Filter>External\Imgui\src</Filter>
    </ClCompile>
    <ClCompile Include="external\imgui\imgui_widgets.cpp">
      <Filter>External\Imgui\src</Filter>
    </ClCompile>
    <ClCompile Include="external\imgui\imgui_demo.cpp">
      <Filter>External\Imgui\src</Filter>
    </ClCompile>
    <ClCompile Include="external\imgui\imgui_draw.cpp">
      <Filter>External\Imgui\src</Filter>
    </ClCompile>
    <ClCompile Include="external\imgui\backends\imgui_impl_dx12.cpp">
      <Filter>External\Imgui\backends</Filter>
    </ClCompile>
    <ClCompile Include="external\imgui\backends\imgui_impl_win32.cpp">
      <Filter>External\Imgui\backends</Filter>
    </ClCompile>
    <ClCompile Include="external\imgui\misc\freetype\imgui_freetype.cpp">
      <Filter>External\Imgui\backends</Filter>
    </ClCompile>
    <ClCompile Include="external\plutovg\source\plutovg-blend.c">
      <Filter>External\pluto\plutovg\src</Filter>
    </ClCompile>
    <ClCompile Include="external\plutovg\source\plutovg-canvas.c">
      <Filter>External\pluto\plutovg\src</Filter>
    </ClCompile>
    <ClCompile Include="external\plutovg\source\plutovg-font.c">
      <Filter>External\pluto\plutovg\src</Filter>
    </ClCompile>
    <ClCompile Include="external\plutovg\source\plutovg-ft-math.c">
      <Filter>External\pluto\plutovg\src</Filter>
    </ClCompile>
    <ClCompile Include="external\plutovg\source\plutovg-ft-raster.c">
      <Filter>External\pluto\plutovg\src</Filter>
    </ClCompile>
    <ClCompile Include="external\plutovg\source\plutovg-ft-stroker.c">
      <Filter>External\pluto\plutovg\src</Filter>
    </ClCompile>
    <ClCompile Include="external\plutovg\source\plutovg-matrix.c">
      <Filter>External\pluto\plutovg\src</Filter>
    </ClCompile>
    <ClCompile Include="external\plutovg\source\plutovg-paint.c">
      <Filter>External\pluto\plutovg\src</Filter>
    </ClCompile>
    <ClCompile Include="external\plutovg\source\plutovg-path.c">
      <Filter>External\pluto\plutovg\src</Filter>
    </ClCompile>
    <ClCompile Include="external\plutovg\source\plutovg-rasterize.c">
      <Filter>External\pluto\plutovg\src</Filter>
    </ClCompile>
    <ClCompile Include="external\plutovg\source\plutovg-surface.c">
      <Filter>External\pluto\plutovg\src</Filter>
    </ClCompile>
    <ClCompile Include="external\plutosvg\source\plutosvg.c">
      <Filter>External\pluto\plutosvg</Filter>
    </ClCompile>
    <ClCompile Include="external\implot\implot.cpp">
      <Filter>External\implot</Filter>
    </ClCompile>
    <ClCompile Include="external\implot\implot_demo.cpp">
      <Filter>External\implot</Filter>
    </ClCompile>
    <ClCompile Include="external\implot\implot_items.cpp">
      <Filter>External\implot</Filter>
    </ClCompile>
    <ClCompile Include="external\stb\stb_vorbis.c">
      <Filter>External\stb</Filter>
    </ClCompile>
    <ClCompile Include="code\pch\pch.cpp">
      <Filter>local\pch</Filter>
    </ClCompile>
    <ClCompile Include="code\Main\Source.cpp">
      <Filter>local\main</Filter>
    </ClCompile>
    <ClCompile Include="code\Main\Main.cpp">
      <Filter>local\main</Filter>
    </ClCompile>
    <ClCompile Include="code\src\Classes.cpp">
      <Filter>local\Source Files</Filter>
    </ClCompile>
    <ClCompile Include="code\src\CommandLineArgumments.cpp">
      <Filter>local\Source Files</Filter>
    </ClCompile>
    <ClCompile Include="code\src\ConfigManager.cpp">
      <Filter>local\Source Files</Filter>
    </ClCompile>
    <ClCompile Include="code\src\ConsoleInputHandler.cpp">
      <Filter>local\Source Files</Filter>
    </ClCompile>
    <ClCompile Include="code\src\ConsoleWindow.cpp">
      <Filter>local\Source Files</Filter>
    </ClCompile>
    <ClCompile Include="code\src\Conv.cpp">
      <Filter>local\Source Files</Filter>
    </ClCompile>
    <ClCompile Include="code\src\DarkMode.cpp">
      <Filter>local\Source Files</Filter>
    </ClCompile>
    <ClCompile Include="code\src\DebugWindow.cpp">
      <Filter>local\Source Files</Filter>
    </ClCompile>
    <ClCompile Include="code\src\DX12Demos.cpp">
      <Filter>local\Source Files</Filter>
    </ClCompile>
    <ClCompile Include="code\src\DX12Renderer.cpp">
      <Filter>local\Source Files</Filter>
    </ClCompile>
    <ClCompile Include="code\src\ExampleDescriptorHeapAllocator.cpp">
      <Filter>local\Source Files</Filter>
    </ClCompile>
    <ClCompile Include="code\src\FontManager.cpp">
      <Filter>local\Source Files</Filter>
    </ClCompile>
    <ClCompile Include="code\src\FontManagerWindow.cpp">
      <Filter>local\Source Files</Filter>
    </ClCompile>
    <ClCompile Include="code\src\FrameContext.cpp">
      <Filter>local\Source Files</Filter>
    </ClCompile>
    <ClCompile Include="code\src\Globals.cpp">
      <Filter>local\Source Files</Filter>
    </ClCompile>
    <ClCompile Include="code\src\MainWindow.cpp">
      <Filter>local\Source Files</Filter>
    </ClCompile>
    <ClCompile Include="code\src\MemoryManagement.cpp">
      <Filter>local\Source Files</Filter>
    </ClCompile>
    <ClCompile Include="code\src\OutputConsole.cpp">
      <Filter>local\Source Files</Filter>
    </ClCompile>
    <ClCompile Include="code\src\render.cpp">
      <Filter>local\Source Files</Filter>
    </ClCompile>
    <ClCompile Include="code\src\WindowManager.cpp">
      <Filter>local\Source Files</Filter>
    </ClCompile>
  </ItemGroup>
  <ItemGroup>
    <ClInclude Include="external\imgui\imconfig.h">
      <Filter>External\Imgui\include</Filter>
    </ClInclude>
    <ClInclude Include="external\imgui\imgui.h">
      <Filter>External\Imgui\include</Filter>
    </ClInclude>
    <ClInclude Include="external\imgui\imgui_internal.h">
      <Filter>External\Imgui\include</Filter>
    </ClInclude>
    <ClInclude Include="external\imgui\imstb_rectpack.h">
      <Filter>External\Imgui\include</Filter>
    </ClInclude>
    <ClInclude Include="external\imgui\imstb_textedit.h">
      <Filter>External\Imgui\include</Filter>
    </ClInclude>
    <ClInclude Include="external\imgui\imstb_truetype.h">
      <Filter>External\Imgui\include</Filter>
    </ClInclude>
    <ClInclude Include="external\imgui\backends\imgui_impl_dx12.h">
      <Filter>External\Imgui\backends</Filter>
    </ClInclude>
    <ClInclude Include="external\imgui\backends\imgui_impl_win32.h">
      <Filter>External\Imgui\backends</Filter>
    </ClInclude>
    <ClInclude Include="external\imgui\misc\freetype\imgui_freetype.h">
      <Filter>External\Imgui\backends</Filter>
    </ClInclude>
    <ClInclude Include="external\plutovg\include\plutovg.h">
      <Filter>External\pluto\plutovg\inc</Filter>
    </ClInclude>
    <ClInclude Include="external\plutovg\source\plutovg-stb-image.h">
      <Filter>External\pluto\plutovg\inc</Filter>
    </ClInclude>
    <ClInclude Include="external\plutovg\source\plutovg-stb-truetype.h">
      <Filter>External\pluto\plutovg\inc</Filter>
    </ClInclude>
    <ClInclude Include="external\plutovg\source\plutovg-stb-image-write.h">
      <Filter>External\pluto\plutovg\inc</Filter>
    </ClInclude>
    <ClInclude Include="external\plutovg\source\plutovg-utils.h">
      <Filter>External\pluto\plutovg\inc</Filter>
    </ClInclude>
    <ClInclude Include="external\plutovg\source\plutovg-ft-math.h">
      <Filter>External\pluto\plutovg\inc</Filter>
    </ClInclude>
    <ClInclude Include="external\plutovg\source\plutovg-ft-raster.h">
      <Filter>External\pluto\plutovg\inc</Filter>
    </ClInclude>
    <ClInclude Include="external\plutovg\source\plutovg-ft-stroker.h">
      <Filter>External\pluto\plutovg\inc</Filter>
    </ClInclude>
    <ClInclude Include="external\plutovg\source\plutovg-ft-types.h">
      <Filter>External\pluto\plutovg\inc</Filter>
    </ClInclude>
    <ClInclude Include="external\plutovg\source\plutovg-private.h">
      <Filter>External\pluto\plutovg\inc</Filter>
    </ClInclude>
    <ClInclude Include="external\plutosvg\source\plutosvg.h">
      <Filter>External\pluto\plutosvg</Filter>
    </ClInclude>
    <ClInclude Include="external\implot\implot.h">
      <Filter>External\implot</Filter>
    </ClInclude>
    <ClInclude Include="external\stb\stb_c_lexer.h">
      <Filter>External\stb</Filter>
    </ClInclude>
    <ClInclude Include="external\stb\stb_connected_components.h">
      <Filter>External\stb</Filter>
    </ClInclude>
    <ClInclude Include="external\stb\stb_divide.h">
      <Filter>External\stb</Filter>
    </ClInclude>
    <ClInclude Include="external\stb\stb_ds.h">
      <Filter>External\stb</Filter>
    </ClInclude>
    <ClInclude Include="external\stb\stb_dxt.h">
      <Filter>External\stb</Filter>
    </ClInclude>
    <ClInclude Include="external\stb\stb_easy_font.h">
      <Filter>External\stb</Filter>
    </ClInclude>
    <ClInclude Include="external\stb\stb_herringbone_wang_tile.h">
      <Filter>External\stb</Filter>
    </ClInclude>
    <ClInclude Include="external\stb\stb_hexwave.h">
      <Filter>External\stb</Filter>
    </ClInclude>
    <ClInclude Include="external\stb\stb_image.h">
      <Filter>External\stb</Filter>
    </ClInclude>
    <ClInclude Include="external\stb\stb_image_resize2.h">
      <Filter>External\stb</Filter>
    </ClInclude>
    <ClInclude Include="external\stb\stb_image_write.h">
      <Filter>External\stb</Filter>
    </ClInclude>
    <ClInclude Include="external\stb\stb_include.h">
      <Filter>External\stb</Filter>
    </ClInclude>
    <ClInclude Include="external\stb\stb_leakcheck.h">
      <Filter>External\stb</Filter>
    </ClInclude>
    <ClInclude Include="external\stb\stb_perlin.h">
      <Filter>External\stb</Filter>
    </ClInclude>
    <ClInclude Include="external\stb\stb_rect_pack.h">
      <Filter>External\stb</Filter>
    </ClInclude>
    <ClInclude Include="external\stb\stb_sprintf.h">
      <Filter>External\stb</Filter>
    </ClInclude>
    <ClInclude Include="external\stb\stb_textedit.h">
      <Filter>External\stb</Filter>
    </ClInclude>
    <ClInclude Include="external\stb\stb_tilemap_editor.h">
      <Filter>External\stb</Filter>
    </ClInclude>
    <ClInclude Include="external\stb\stb_truetype.h">
      <Filter>External\stb</Filter>
    </ClInclude>
    <ClInclude Include="external\stb\stb_voxel_render.h">
      <Filter>External\stb</Filter>
    </ClInclude>
    <ClInclude Include="code\pch\PCH.hpp">
      <Filter>local\pch</Filter>
    </ClInclude>
    <ClInclude Include="code\Main\Source.hpp">
      <Filter>local\main</Filter>
    </ClInclude>
    <ClInclude Include="code\Include\Main.hpp">
      <Filter>local\main</Filter>
    </ClInclude>
    <ClInclude Include="code\pch\PCH.hpp">
      <Filter>local\Header Files</Filter>
    </ClInclude>
    <ClInclude Include="code\Include\Classes.hpp">
      <Filter>local\Header Files</Filter>
    </ClInclude>
    <ClInclude Include="code\Include\CommandLineArgumments.hpp">
      <Filter>local\Header Files</Filter>
    </ClInclude>
    <ClInclude Include="code\Include\ConfigManager.hpp">
      <Filter>local\Header Files</Filter>
    </ClInclude>
    <ClInclude Include="code\Include\ConsoleInputHandler.hpp">
      <Filter>local\Header Files</Filter>
    </ClInclude>
    <ClInclude Include="code\Include\ConsoleWindow.hpp">
      <Filter>local\Header Files</Filter>
    </ClInclude>
    <ClInclude Include="code\Include\Conv.hpp">
      <Filter>local\Header Files</Filter>
    </ClInclude>
    <ClInclude Include="code\Include\DarkMode.hpp">
      <Filter>local\Header Files</Filter>
    </ClInclude>
    <ClInclude Include="code\Include\DebugWindow.hpp">
      <Filter>local\Header Files</Filter>
    </ClInclude>
    <ClInclude Include="code\Include\DX12Demos.hpp">
      <Filter>local\Header Files</Filter>
    </ClInclude>
    <ClInclude Include="code\Include\DX12Renderer.hpp">
      <Filter>local\Header Files</Filter>
    </ClInclude>
    <ClInclude Include="code\Include\DXSample.h">
      <Filter>local\Header Files</Filter>
    </ClInclude>
    <ClInclude Include="code\Include\DXSampleHelper.hpp">
      <Filter>local\Header Files</Filter>
    </ClInclude>
    <ClInclude Include="code\Include\ExampleDescriptorHeapAllocator.hpp">
      <Filter>local\Header Files</Filter>
    </ClInclude>
    <ClInclude Include="code\Include\FontManager.hpp">
      <Filter>local\Header Files</Filter>
    </ClInclude>
    <ClInclude Include="code\Include\FontManagerWindow.hpp">
      <Filter>local\Header Files</Filter>
    </ClInclude>
    <ClInclude Include="code\Include\FrameContext.hpp">
      <Filter>local\Header Files</Filter>
    </ClInclude>
    <ClInclude Include="code\Include\Globals.hpp">
      <Filter>local\Header Files</Filter>
    </ClInclude>
    <ClInclude Include="code\Include\MainWindow.hpp">
      <Filter>local\Header Files</Filter>
    </ClInclude>
    <ClInclude Include="code\Include\Master.hpp">
      <Filter>local\Header Files</Filter>
    </ClInclude>
    <ClInclude Include="code\Include\MemoryManagement.hpp">
      <Filter>local\Header Files</Filter>
    </ClInclude>
    <ClInclude Include="code\Include\OutputConsole.hpp">
      <Filter>local\Header Files</Filter>
    </ClInclude>
    <ClInclude Include="code\Include\render.hpp">
      <Filter>local\Header Files</Filter>
    </ClInclude>
    <ClInclude Include="code\Include\WindowManager.hpp">
      <Filter>local\Header Files</Filter>
    </ClInclude>
  </ItemGroup>
  <ItemGroup>
    <None Include="vcpkg.json" />
    <None Include="vcpkg-configuration.json" />
    <None Include=".clang-format" />
    <None Include="cpp.hint" />
    <None Include="ClassDiagram.cd" />
    <None Include="ClassDiagram1.cd" />
    <None Include="ClassDiagram2.cd" />
    <None Include="ClassDiagram3.cd" />
  </ItemGroup>
</Project>